
Microsoft Visual Studio Solution File, Format Version 12.00
# Visual Studio Version 17
VisualStudioVersion = 17.0.31903.59
MinimumVisualStudioVersion = 10.0.40219.1
Project("{2150E333-8FDC-42A3-9474-1A3956D46DE8}") = "SagaOrchestration", "SagaOrchestration", "{5E7FD274-73A9-493E-98D4-F81CEAE7154F}"
EndProject
Project("{2150E333-8FDC-42A3-9474-1A3956D46DE8}") = "SagaChoreography", "SagaChoreography", "{8C265676-9D0D-4A26-813B-C6FB9AAA7731}"
EndProject
Project("{9A19103F-16F7-4668-BE54-9A1E7A4F7556}") = "Order.API", "SagaOrchestration\Order.API\Order.API.csproj", "{72E034B2-22E4-4D43-B07C-1D737FE1586C}"
EndProject
Project("{9A19103F-16F7-4668-BE54-9A1E7A4F7556}") = "Order.API", "SagaChoreography\Order.API\Order.API.csproj", "{DC69FB3A-DC05-4D90-96DC-0FA5EC65E8AE}"
EndProject
Project("{9A19103F-16F7-4668-BE54-9A1E7A4F7556}") = "Stock.API", "SagaChoreography\Stock.API\Stock.API.csproj", "{0C6C563B-59B1-42CE-99C9-F8BCB8F10C8E}"
EndProject
Project("{9A19103F-16F7-4668-BE54-9A1E7A4F7556}") = "Payment.API", "SagaChoreography\Payment.API\Payment.API.csproj", "{07A4578F-65D2-4C3F-B99C-3A70F5194DB7}"
EndProject
Project("{FAE04EC0-301F-11D3-BF4B-00C04F79EFBC}") = "SagaStateMachineWorkerService", "SagaOrchestration\SagaStateMachineWorkerService\SagaStateMachineWorkerService.csproj", "{84A288B1-E913-41DA-9EEE-FC851F40BBEA}"
EndProject
Project("{2150E333-8FDC-42A3-9474-1A3956D46DE8}") = "Common", "Common", "{121B42FE-487C-4E6C-8043-00A10213294A}"
EndProject
Project("{FAE04EC0-301F-11D3-BF4B-00C04F79EFBC}") = "Shared", "Common\Shared\Shared.csproj", "{C3FC8090-03AB-4CA9-B81B-64EC9826F130}"
EndProject
Global
	GlobalSection(SolutionConfigurationPlatforms) = preSolution
		Debug|Any CPU = Debug|Any CPU
		Release|Any CPU = Release|Any CPU
	EndGlobalSection
	GlobalSection(ProjectConfigurationPlatforms) = postSolution
		{72E034B2-22E4-4D43-B07C-1D737FE1586C}.Debug|Any CPU.ActiveCfg = Debug|Any CPU
		{72E034B2-22E4-4D43-B07C-1D737FE1586C}.Debug|Any CPU.Build.0 = Debug|Any CPU
		{72E034B2-22E4-4D43-B07C-1D737FE1586C}.Release|Any CPU.ActiveCfg = Release|Any CPU
		{72E034B2-22E4-4D43-B07C-1D737FE1586C}.Release|Any CPU.Build.0 = Release|Any CPU
		{DC69FB3A-DC05-4D90-96DC-0FA5EC65E8AE}.Debug|Any CPU.ActiveCfg = Debug|Any CPU
		{DC69FB3A-DC05-4D90-96DC-0FA5EC65E8AE}.Debug|Any CPU.Build.0 = Debug|Any CPU
		{DC69FB3A-DC05-4D90-96DC-0FA5EC65E8AE}.Release|Any CPU.ActiveCfg = Release|Any CPU
		{DC69FB3A-DC05-4D90-96DC-0FA5EC65E8AE}.Release|Any CPU.Build.0 = Release|Any CPU
		{0C6C563B-59B1-42CE-99C9-F8BCB8F10C8E}.Debug|Any CPU.ActiveCfg = Debug|Any CPU
		{0C6C563B-59B1-42CE-99C9-F8BCB8F10C8E}.Debug|Any CPU.Build.0 = Debug|Any CPU
		{0C6C563B-59B1-42CE-99C9-F8BCB8F10C8E}.Release|Any CPU.ActiveCfg = Release|Any CPU
		{0C6C563B-59B1-42CE-99C9-F8BCB8F10C8E}.Release|Any CPU.Build.0 = Release|Any CPU
		{07A4578F-65D2-4C3F-B99C-3A70F5194DB7}.Debug|Any CPU.ActiveCfg = Debug|Any CPU
		{07A4578F-65D2-4C3F-B99C-3A70F5194DB7}.Debug|Any CPU.Build.0 = Debug|Any CPU
		{07A4578F-65D2-4C3F-B99C-3A70F5194DB7}.Release|Any CPU.ActiveCfg = Release|Any CPU
		{07A4578F-65D2-4C3F-B99C-3A70F5194DB7}.Release|Any CPU.Build.0 = Release|Any CPU
		{84A288B1-E913-41DA-9EEE-FC851F40BBEA}.Debug|Any CPU.ActiveCfg = Debug|Any CPU
		{84A288B1-E913-41DA-9EEE-FC851F40BBEA}.Debug|Any CPU.Build.0 = Debug|Any CPU
		{84A288B1-E913-41DA-9EEE-FC851F40BBEA}.Release|Any CPU.ActiveCfg = Release|Any CPU
		{84A288B1-E913-41DA-9EEE-FC851F40BBEA}.Release|Any CPU.Build.0 = Release|Any CPU
		{C3FC8090-03AB-4CA9-B81B-64EC9826F130}.Debug|Any CPU.ActiveCfg = Debug|Any CPU
		{C3FC8090-03AB-4CA9-B81B-64EC9826F130}.Debug|Any CPU.Build.0 = Debug|Any CPU
		{C3FC8090-03AB-4CA9-B81B-64EC9826F130}.Release|Any CPU.ActiveCfg = Release|Any CPU
		{C3FC8090-03AB-4CA9-B81B-64EC9826F130}.Release|Any CPU.Build.0 = Release|Any CPU
	EndGlobalSection
	GlobalSection(SolutionProperties) = preSolution
		HideSolutionNode = FALSE
	EndGlobalSection
	GlobalSection(NestedProjects) = preSolution
		{72E034B2-22E4-4D43-B07C-1D737FE1586C} = {5E7FD274-73A9-493E-98D4-F81CEAE7154F}
		{DC69FB3A-DC05-4D90-96DC-0FA5EC65E8AE} = {8C265676-9D0D-4A26-813B-C6FB9AAA7731}
		{0C6C563B-59B1-42CE-99C9-F8BCB8F10C8E} = {8C265676-9D0D-4A26-813B-C6FB9AAA7731}
		{07A4578F-65D2-4C3F-B99C-3A70F5194DB7} = {8C265676-9D0D-4A26-813B-C6FB9AAA7731}
		{84A288B1-E913-41DA-9EEE-FC851F40BBEA} = {5E7FD274-73A9-493E-98D4-F81CEAE7154F}
		{C3FC8090-03AB-4CA9-B81B-64EC9826F130} = {121B42FE-487C-4E6C-8043-00A10213294A}
	EndGlobalSection
	GlobalSection(ExtensibilityGlobals) = postSolution
		SolutionGuid = {2AABEE3F-48FC-4107-81DF-6750F1F0BB57}
	EndGlobalSection
EndGlobal
