
Microsoft Visual Studio Solution File, Format Version 12.00
# Visual Studio Version 17
VisualStudioVersion = 17.0.31903.59
MinimumVisualStudioVersion = 10.0.40219.1
Project("{9A19103F-16F7-4668-BE54-9A1E7A4F7556}") = "Order.API", "Order.API\Order.API.csproj", "{5A317C76-A473-41B3-BAA4-49A3111775D1}"
EndProject
Project("{9A19103F-16F7-4668-BE54-9A1E7A4F7556}") = "Stock.API", "Stock.API\Stock.API.csproj", "{0EC9F1CF-0932-457C-9535-93DF23A64115}"
EndProject
Project("{9A19103F-16F7-4668-BE54-9A1E7A4F7556}") = "Payment.API", "Payment.API\Payment.API.csproj", "{33D1E874-4EB1-45D0-8E23-FC2AC76DC05E}"
EndProject
Project("{FAE04EC0-301F-11D3-BF4B-00C04F79EFBC}") = "Shared", "Shared\Shared.csproj", "{7DAC6C3C-9E2E-459F-9617-FCCA494E14D0}"
EndProject
Global
	GlobalSection(SolutionConfigurationPlatforms) = preSolution
		Debug|Any CPU = Debug|Any CPU
		Release|Any CPU = Release|Any CPU
	EndGlobalSection
	GlobalSection(ProjectConfigurationPlatforms) = postSolution
		{5A317C76-A473-41B3-BAA4-49A3111775D1}.Debug|Any CPU.ActiveCfg = Debug|Any CPU
		{5A317C76-A473-41B3-BAA4-49A3111775D1}.Debug|Any CPU.Build.0 = Debug|Any CPU
		{5A317C76-A473-41B3-BAA4-49A3111775D1}.Release|Any CPU.ActiveCfg = Release|Any CPU
		{5A317C76-A473-41B3-BAA4-49A3111775D1}.Release|Any CPU.Build.0 = Release|Any CPU
		{0EC9F1CF-0932-457C-9535-93DF23A64115}.Debug|Any CPU.ActiveCfg = Debug|Any CPU
		{0EC9F1CF-0932-457C-9535-93DF23A64115}.Debug|Any CPU.Build.0 = Debug|Any CPU
		{0EC9F1CF-0932-457C-9535-93DF23A64115}.Release|Any CPU.ActiveCfg = Release|Any CPU
		{0EC9F1CF-0932-457C-9535-93DF23A64115}.Release|Any CPU.Build.0 = Release|Any CPU
		{33D1E874-4EB1-45D0-8E23-FC2AC76DC05E}.Debug|Any CPU.ActiveCfg = Debug|Any CPU
		{33D1E874-4EB1-45D0-8E23-FC2AC76DC05E}.Debug|Any CPU.Build.0 = Debug|Any CPU
		{33D1E874-4EB1-45D0-8E23-FC2AC76DC05E}.Release|Any CPU.ActiveCfg = Release|Any CPU
		{33D1E874-4EB1-45D0-8E23-FC2AC76DC05E}.Release|Any CPU.Build.0 = Release|Any CPU
		{7DAC6C3C-9E2E-459F-9617-FCCA494E14D0}.Debug|Any CPU.ActiveCfg = Debug|Any CPU
		{7DAC6C3C-9E2E-459F-9617-FCCA494E14D0}.Debug|Any CPU.Build.0 = Debug|Any CPU
		{7DAC6C3C-9E2E-459F-9617-FCCA494E14D0}.Release|Any CPU.ActiveCfg = Release|Any CPU
		{7DAC6C3C-9E2E-459F-9617-FCCA494E14D0}.Release|Any CPU.Build.0 = Release|Any CPU
	EndGlobalSection
	GlobalSection(SolutionProperties) = preSolution
		HideSolutionNode = FALSE
	EndGlobalSection
	GlobalSection(ExtensibilityGlobals) = postSolution
		SolutionGuid = {2AABEE3F-48FC-4107-81DF-6750F1F0BB57}
	EndGlobalSection
EndGlobal
